// !$*UTF8*$!
{
	archiveVersion = 1;
	classes = {
	};
	objectVersion = 55;
	objects = {

/* Begin PBXBuildFile section */
		2B165FD227F660D100BAFDF1 /* Game.swift in Sources */ = {isa = PBXBuildFile; fileRef = 2B165FD127F660D100BAFDF1 /* Game.swift */; };
		2B165FD627F6704700BAFDF1 /* WelcomeView.swift in Sources */ = {isa = PBXBuildFile; fileRef = 2B165FD527F6704700BAFDF1 /* WelcomeView.swift */; };
		2B5FF28127F0125E00454FC0 /* GameView.swift in Sources */ = {isa = PBXBuildFile; fileRef = 2B5FF28027F0125E00454FC0 /* GameView.swift */; };
		2B5FF28327F0125F00454FC0 /* Assets.xcassets in Resources */ = {isa = PBXBuildFile; fileRef = 2B5FF28227F0125F00454FC0 /* Assets.xcassets */; };
		2B5FF28627F0125F00454FC0 /* Preview Assets.xcassets in Resources */ = {isa = PBXBuildFile; fileRef = 2B5FF28527F0125F00454FC0 /* Preview Assets.xcassets */; };
		2B61D3EF27F8E74200EF3076 /* GameColor.swift in Sources */ = {isa = PBXBuildFile; fileRef = 2B61D3EE27F8E74200EF3076 /* GameColor.swift */; };
		2B61D3F127F8E75E00EF3076 /* BottomTextView.swift in Sources */ = {isa = PBXBuildFile; fileRef = 2B61D3F027F8E75E00EF3076 /* BottomTextView.swift */; };
		2B61D3F427F8F09500EF3076 /* GameViewModel.swift in Sources */ = {isa = PBXBuildFile; fileRef = 2B61D3F327F8F09500EF3076 /* GameViewModel.swift */; };
		2B61D3F627F8F4A800EF3076 /* QuestionView.swift in Sources */ = {isa = PBXBuildFile; fileRef = 2B61D3F527F8F4A800EF3076 /* QuestionView.swift */; };
		2B61D3F827F90A1C00EF3076 /* ScoreView.swift in Sources */ = {isa = PBXBuildFile; fileRef = 2B61D3F727F90A1C00EF3076 /* ScoreView.swift */; };
		2B61D3FC27F913C100EF3076 /* ScoreViewModel.swift in Sources */ = {isa = PBXBuildFile; fileRef = 2B61D3FB27F913C100EF3076 /* ScoreViewModel.swift */; };
		2BB96F7927F286D300D776E8 /* Question.swift in Sources */ = {isa = PBXBuildFile; fileRef = 2BB96F7827F286D300D776E8 /* Question.swift */; };
		2BB96F7B27F2937900D776E8 /* ChoiceTextView.swift in Sources */ = {isa = PBXBuildFile; fileRef = 2BB96F7A27F2937900D776E8 /* ChoiceTextView.swift */; };
/* End PBXBuildFile section */

/* Begin PBXFileReference section */
		2B165FD127F660D100BAFDF1 /* Game.swift */ = {isa = PBXFileReference; lastKnownFileType = sourcecode.swift; path = Game.swift; sourceTree = "<group>"; };
		2B165FD527F6704700BAFDF1 /* WelcomeView.swift */ = {isa = PBXFileReference; lastKnownFileType = sourcecode.swift; path = WelcomeView.swift; sourceTree = "<group>"; };
		2B5FF27B27F0125E00454FC0 /* Code Trivia by Cody.app */ = {isa = PBXFileReference; explicitFileType = wrapper.application; includeInIndex = 0; path = "Code Trivia by Cody.app"; sourceTree = BUILT_PRODUCTS_DIR; };
		2B5FF28027F0125E00454FC0 /* GameView.swift */ = {isa = PBXFileReference; lastKnownFileType = sourcecode.swift; path = GameView.swift; sourceTree = "<group>"; };
		2B5FF28227F0125F00454FC0 /* Assets.xcassets */ = {isa = PBXFileReference; lastKnownFileType = folder.assetcatalog; path = Assets.xcassets; sourceTree = "<group>"; };
		2B5FF28527F0125F00454FC0 /* Preview Assets.xcassets */ = {isa = PBXFileReference; lastKnownFileType = folder.assetcatalog; path = "Preview Assets.xcassets"; sourceTree = "<group>"; };
		2B61D3EE27F8E74200EF3076 /* GameColor.swift */ = {isa = PBXFileReference; fileEncoding = 4; lastKnownFileType = sourcecode.swift; path = GameColor.swift; sourceTree = "<group>"; };
		2B61D3F027F8E75E00EF3076 /* BottomTextView.swift */ = {isa = PBXFileReference; fileEncoding = 4; lastKnownFileType = sourcecode.swift; path = BottomTextView.swift; sourceTree = "<group>"; };
		2B61D3F327F8F09500EF3076 /* GameViewModel.swift */ = {isa = PBXFileReference; lastKnownFileType = sourcecode.swift; path = GameViewModel.swift; sourceTree = "<group>"; };
		2B61D3F527F8F4A800EF3076 /* QuestionView.swift */ = {isa = PBXFileReference; lastKnownFileType = sourcecode.swift; path = QuestionView.swift; sourceTree = "<group>"; };
		2B61D3F727F90A1C00EF3076 /* ScoreView.swift */ = {isa = PBXFileReference; lastKnownFileType = sourcecode.swift; path = ScoreView.swift; sourceTree = "<group>"; };
		2B61D3FB27F913C100EF3076 /* ScoreViewModel.swift */ = {isa = PBXFileReference; lastKnownFileType = sourcecode.swift; path = ScoreViewModel.swift; sourceTree = "<group>"; };
		2BB96F7827F286D300D776E8 /* Question.swift */ = {isa = PBXFileReference; lastKnownFileType = sourcecode.swift; path = Question.swift; sourceTree = "<group>"; };
		2BB96F7A27F2937900D776E8 /* ChoiceTextView.swift */ = {isa = PBXFileReference; lastKnownFileType = sourcecode.swift; path = ChoiceTextView.swift; sourceTree = "<group>"; };
/* End PBXFileReference section */

/* Begin PBXFrameworksBuildPhase section */
		2B5FF27827F0125E00454FC0 /* Frameworks */ = {
			isa = PBXFrameworksBuildPhase;
			buildActionMask = 2147483647;
			files = (
			);
			runOnlyForDeploymentPostprocessing = 0;
		};
/* End PBXFrameworksBuildPhase section */

/* Begin PBXGroup section */
		2B165FD327F660F000BAFDF1 /* Models */ = {
			isa = PBXGroup;
			children = (
				2BB96F7827F286D300D776E8 /* Question.swift */,
				2B165FD127F660D100BAFDF1 /* Game.swift */,
			);
			path = Models;
			sourceTree = "<group>";
		};
		2B165FD427F6611E00BAFDF1 /* Views */ = {
			isa = PBXGroup;
			children = (
				2B165FD527F6704700BAFDF1 /* WelcomeView.swift */,
				2B5FF28027F0125E00454FC0 /* GameView.swift */,
				2BB96F7A27F2937900D776E8 /* ChoiceTextView.swift */,
				2B61D3EE27F8E74200EF3076 /* GameColor.swift */,
				2B61D3F027F8E75E00EF3076 /* BottomTextView.swift */,
				2B61D3F527F8F4A800EF3076 /* QuestionView.swift */,
				2B61D3F727F90A1C00EF3076 /* ScoreView.swift */,
			);
			path = Views;
			sourceTree = "<group>";
		};
		2B5FF27227F0125E00454FC0 = {
			isa = PBXGroup;
			children = (
				2B5FF27D27F0125E00454FC0 /* Code Trivia by Cody */,
				2B5FF27C27F0125E00454FC0 /* Products */,
			);
			sourceTree = "<group>";
		};
		2B5FF27C27F0125E00454FC0 /* Products */ = {
			isa = PBXGroup;
			children = (
				2B5FF27B27F0125E00454FC0 /* Code Trivia by Cody.app */,
			);
			name = Products;
			sourceTree = "<group>";
		};
		2B5FF27D27F0125E00454FC0 /* Code Trivia by Cody */ = {
			isa = PBXGroup;
			children = (
				2B61D3F227F8F07000EF3076 /* ViewModels */,
				2B165FD427F6611E00BAFDF1 /* Views */,
				2B165FD327F660F000BAFDF1 /* Models */,
				2B5FF28227F0125F00454FC0 /* Assets.xcassets */,
				2B5FF28427F0125F00454FC0 /* Preview Content */,
			);
			path = "Code Trivia by Cody";
			sourceTree = "<group>";
		};
		2B5FF28427F0125F00454FC0 /* Preview Content */ = {
			isa = PBXGroup;
			children = (
				2B5FF28527F0125F00454FC0 /* Preview Assets.xcassets */,
			);
			path = "Preview Content";
			sourceTree = "<group>";
		};
		2B61D3F227F8F07000EF3076 /* ViewModels */ = {
			isa = PBXGroup;
			children = (
				2B61D3F327F8F09500EF3076 /* GameViewModel.swift */,
				2B61D3FB27F913C100EF3076 /* ScoreViewModel.swift */,
			);
			path = ViewModels;
			sourceTree = "<group>";
		};
/* End PBXGroup section */

/* Begin PBXNativeTarget section */
		2B5FF27A27F0125E00454FC0 /* Code Trivia by Cody */ = {
			isa = PBXNativeTarget;
			buildConfigurationList = 2B5FF28927F0125F00454FC0 /* Build configuration list for PBXNativeTarget "Code Trivia by Cody" */;
			buildPhases = (
				2B5FF27727F0125E00454FC0 /* Sources */,
				2B5FF27827F0125E00454FC0 /* Frameworks */,
				2B5FF27927F0125E00454FC0 /* Resources */,
			);
			buildRules = (
			);
			dependencies = (
			);
			name = "Code Trivia by Cody";
			productName = "Code History Trivia Game by nonStickCode";
			productReference = 2B5FF27B27F0125E00454FC0 /* Code Trivia by Cody.app */;
			productType = "com.apple.product-type.application";
		};
/* End PBXNativeTarget section */

/* Begin PBXProject section */
		2B5FF27327F0125E00454FC0 /* Project object */ = {
			isa = PBXProject;
			attributes = {
				BuildIndependentTargetsInParallel = 1;
				LastSwiftUpdateCheck = 1330;
				LastUpgradeCheck = 1330;
				TargetAttributes = {
					2B5FF27A27F0125E00454FC0 = {
						CreatedOnToolsVersion = 13.3;
					};
				};
			};
			buildConfigurationList = 2B5FF27627F0125E00454FC0 /* Build configuration list for PBXProject "Code Trivia by Cody" */;
			compatibilityVersion = "Xcode 13.0";
			developmentRegion = en;
			hasScannedForEncodings = 0;
			knownRegions = (
				en,
				Base,
			);
			mainGroup = 2B5FF27227F0125E00454FC0;
			productRefGroup = 2B5FF27C27F0125E00454FC0 /* Products */;
			projectDirPath = "";
			projectRoot = "";
			targets = (
				2B5FF27A27F0125E00454FC0 /* Code Trivia by Cody */,
			);
		};
/* End PBXProject section */

/* Begin PBXResourcesBuildPhase section */
		2B5FF27927F0125E00454FC0 /* Resources */ = {
			isa = PBXResourcesBuildPhase;
			buildActionMask = 2147483647;
			files = (
				2B5FF28627F0125F00454FC0 /* Preview Assets.xcassets in Resources */,
				2B5FF28327F0125F00454FC0 /* Assets.xcassets in Resources */,
			);
			runOnlyForDeploymentPostprocessing = 0;
		};
/* End PBXResourcesBuildPhase section */

/* Begin PBXSourcesBuildPhase section */
		2B5FF27727F0125E00454FC0 /* Sources */ = {
			isa = PBXSourcesBuildPhase;
			buildActionMask = 2147483647;
			files = (
				2B61D3F627F8F4A800EF3076 /* QuestionView.swift in Sources */,
				2B61D3F427F8F09500EF3076 /* GameViewModel.swift in Sources */,
				2BB96F7927F286D300D776E8 /* Question.swift in Sources */,
				2B61D3FC27F913C100EF3076 /* ScoreViewModel.swift in Sources */,
				2B165FD627F6704700BAFDF1 /* WelcomeView.swift in Sources */,
				2B165FD227F660D100BAFDF1 /* Game.swift in Sources */,
				2B61D3EF27F8E74200EF3076 /* GameColor.swift in Sources */,
				2B61D3F127F8E75E00EF3076 /* BottomTextView.swift in Sources */,
				2B61D3F827F90A1C00EF3076 /* ScoreView.swift in Sources */,
				2B5FF28127F0125E00454FC0 /* GameView.swift in Sources */,
				2BB96F7B27F2937900D776E8 /* ChoiceTextView.swift in Sources */,
			);
			runOnlyForDeploymentPostprocessing = 0;
		};
/* End PBXSourcesBuildPhase section */

/* Begin XCBuildConfiguration section */
		2B5FF28727F0125F00454FC0 /* Debug */ = {
			isa = XCBuildConfiguration;
			buildSettings = {
				ALWAYS_SEARCH_USER_PATHS = NO;
				CLANG_ANALYZER_NONNULL = YES;
				CLANG_ANALYZER_NUMBER_OBJECT_CONVERSION = YES_AGGRESSIVE;
				CLANG_CXX_LANGUAGE_STANDARD = "gnu++17";
				CLANG_ENABLE_MODULES = YES;
				CLANG_ENABLE_OBJC_ARC = YES;
				CLANG_ENABLE_OBJC_WEAK = YES;
				CLANG_WARN_BLOCK_CAPTURE_AUTORELEASING = YES;
				CLANG_WARN_BOOL_CONVERSION = YES;
				CLANG_WARN_COMMA = YES;
				CLANG_WARN_CONSTANT_CONVERSION = YES;
				CLANG_WARN_DEPRECATED_OBJC_IMPLEMENTATIONS = YES;
				CLANG_WARN_DIRECT_OBJC_ISA_USAGE = YES_ERROR;
				CLANG_WARN_DOCUMENTATION_COMMENTS = YES;
				CLANG_WARN_EMPTY_BODY = YES;
				CLANG_WARN_ENUM_CONVERSION = YES;
				CLANG_WARN_INFINITE_RECURSION = YES;
				CLANG_WARN_INT_CONVERSION = YES;
				CLANG_WARN_NON_LITERAL_NULL_CONVERSION = YES;
				CLANG_WARN_OBJC_IMPLICIT_RETAIN_SELF = YES;
				CLANG_WARN_OBJC_LITERAL_CONVERSION = YES;
				CLANG_WARN_OBJC_ROOT_CLASS = YES_ERROR;
				CLANG_WARN_QUOTED_INCLUDE_IN_FRAMEWORK_HEADER = YES;
				CLANG_WARN_RANGE_LOOP_ANALYSIS = YES;
				CLANG_WARN_STRICT_PROTOTYPES = YES;
				CLANG_WARN_SUSPICIOUS_MOVE = YES;
				CLANG_WARN_UNGUARDED_AVAILABILITY = YES_AGGRESSIVE;
				CLANG_WARN_UNREACHABLE_CODE = YES;
				CLANG_WARN__DUPLICATE_METHOD_MATCH = YES;
				COPY_PHASE_STRIP = NO;
				DEBUG_INFORMATION_FORMAT = dwarf;
				ENABLE_STRICT_OBJC_MSGSEND = YES;
				ENABLE_TESTABILITY = YES;
				GCC_C_LANGUAGE_STANDARD = gnu11;
				GCC_DYNAMIC_NO_PIC = NO;
				GCC_NO_COMMON_BLOCKS = YES;
				GCC_OPTIMIZATION_LEVEL = 0;
				GCC_PREPROCESSOR_DEFINITIONS = (
					"DEBUG=1",
					"$(inherited)",
				);
				GCC_WARN_64_TO_32_BIT_CONVERSION = YES;
				GCC_WARN_ABOUT_RETURN_TYPE = YES_ERROR;
				GCC_WARN_UNDECLARED_SELECTOR = YES;
				GCC_WARN_UNINITIALIZED_AUTOS = YES_AGGRESSIVE;
				GCC_WARN_UNUSED_FUNCTION = YES;
				GCC_WARN_UNUSED_VARIABLE = YES;
				IPHONEOS_DEPLOYMENT_TARGET = 15.4;
				MTL_ENABLE_DEBUG_INFO = INCLUDE_SOURCE;
				MTL_FAST_MATH = YES;
				ONLY_ACTIVE_ARCH = YES;
				SDKROOT = iphoneos;
				SWIFT_ACTIVE_COMPILATION_CONDITIONS = DEBUG;
				SWIFT_OPTIMIZATION_LEVEL = "-Onone";
			};
			name = Debug;
		};
		2B5FF28827F0125F00454FC0 /* Release */ = {
			isa = XCBuildConfiguration;
			buildSettings = {
				ALWAYS_SEARCH_USER_PATHS = NO;
				CLANG_ANALYZER_NONNULL = YES;
				CLANG_ANALYZER_NUMBER_OBJECT_CONVERSION = YES_AGGRESSIVE;
				CLANG_CXX_LANGUAGE_STANDARD = "gnu++17";
				CLANG_ENABLE_MODULES = YES;
				CLANG_ENABLE_OBJC_ARC = YES;
				CLANG_ENABLE_OBJC_WEAK = YES;
				CLANG_WARN_BLOCK_CAPTURE_AUTORELEASING = YES;
				CLANG_WARN_BOOL_CONVERSION = YES;
				CLANG_WARN_COMMA = YES;
				CLANG_WARN_CONSTANT_CONVERSION = YES;
				CLANG_WARN_DEPRECATED_OBJC_IMPLEMENTATIONS = YES;
				CLANG_WARN_DIRECT_OBJC_ISA_USAGE = YES_ERROR;
				CLANG_WARN_DOCUMENTATION_COMMENTS = YES;
				CLANG_WARN_EMPTY_BODY = YES;
				CLANG_WARN_ENUM_CONVERSION = YES;
				CLANG_WARN_INFINITE_RECURSION = YES;
				CLANG_WARN_INT_CONVERSION = YES;
				CLANG_WARN_NON_LITERAL_NULL_CONVERSION = YES;
				CLANG_WARN_OBJC_IMPLICIT_RETAIN_SELF = YES;
				CLANG_WARN_OBJC_LITERAL_CONVERSION = YES;
				CLANG_WARN_OBJC_ROOT_CLASS = YES_ERROR;
				CLANG_WARN_QUOTED_INCLUDE_IN_FRAMEWORK_HEADER = YES;
				CLANG_WARN_RANGE_LOOP_ANALYSIS = YES;
				CLANG_WARN_STRICT_PROTOTYPES = YES;
				CLANG_WARN_SUSPICIOUS_MOVE = YES;
				CLANG_WARN_UNGUARDED_AVAILABILITY = YES_AGGRESSIVE;
				CLANG_WARN_UNREACHABLE_CODE = YES;
				CLANG_WARN__DUPLICATE_METHOD_MATCH = YES;
				COPY_PHASE_STRIP = NO;
				DEBUG_INFORMATION_FORMAT = "dwarf-with-dsym";
				ENABLE_NS_ASSERTIONS = NO;
				ENABLE_STRICT_OBJC_MSGSEND = YES;
				GCC_C_LANGUAGE_STANDARD = gnu11;
				GCC_NO_COMMON_BLOCKS = YES;
				GCC_WARN_64_TO_32_BIT_CONVERSION = YES;
				GCC_WARN_ABOUT_RETURN_TYPE = YES_ERROR;
				GCC_WARN_UNDECLARED_SELECTOR = YES;
				GCC_WARN_UNINITIALIZED_AUTOS = YES_AGGRESSIVE;
				GCC_WARN_UNUSED_FUNCTION = YES;
				GCC_WARN_UNUSED_VARIABLE = YES;
				IPHONEOS_DEPLOYMENT_TARGET = 15.4;
				MTL_ENABLE_DEBUG_INFO = NO;
				MTL_FAST_MATH = YES;
				SDKROOT = iphoneos;
				SWIFT_COMPILATION_MODE = wholemodule;
				SWIFT_OPTIMIZATION_LEVEL = "-O";
				VALIDATE_PRODUCT = YES;
			};
			name = Release;
		};
		2B5FF28A27F0125F00454FC0 /* Debug */ = {
			isa = XCBuildConfiguration;
			buildSettings = {
				ASSETCATALOG_COMPILER_APPICON_NAME = AppIcon;
				ASSETCATALOG_COMPILER_GLOBAL_ACCENT_COLOR_NAME = AccentColor;
				CODE_SIGN_STYLE = Automatic;
				CURRENT_PROJECT_VERSION = 1;
				DEVELOPMENT_ASSET_PATHS = "\"Code Trivia by Cody/Preview Content\"";
				DEVELOPMENT_TEAM = 7V3H86U9BS;
				ENABLE_PREVIEWS = YES;
				GENERATE_INFOPLIST_FILE = YES;
				INFOPLIST_KEY_UIApplicationSceneManifest_Generation = YES;
				INFOPLIST_KEY_UIApplicationSupportsIndirectInputEvents = YES;
				INFOPLIST_KEY_UILaunchScreen_Generation = YES;
				INFOPLIST_KEY_UISupportedInterfaceOrientations = UIInterfaceOrientationPortrait;
				INFOPLIST_KEY_UISupportedInterfaceOrientations_iPad = "UIInterfaceOrientationPortrait UIInterfaceOrientationPortraitUpsideDown UIInterfaceOrientationLandscapeLeft UIInterfaceOrientationLandscapeRight";
				INFOPLIST_KEY_UISupportedInterfaceOrientations_iPhone = "UIInterfaceOrientationPortrait UIInterfaceOrientationLandscapeLeft UIInterfaceOrientationLandscapeRight";
				LD_RUNPATH_SEARCH_PATHS = (
					"$(inherited)",
					"@executable_path/Frameworks",
				);
				MARKETING_VERSION = 1.1;
				PRODUCT_BUNDLE_IDENTIFIER = "com.nonstickcode.Code-Trivia-by-nonStickCode";
				PRODUCT_NAME = "Code Trivia by Cody";
				SWIFT_EMIT_LOC_STRINGS = YES;
				SWIFT_VERSION = 5.0;
				TARGETED_DEVICE_FAMILY = "1,2";
			};
			name = Debug;
		};
		2B5FF28B27F0125F00454FC0 /* Release */ = {
			isa = XCBuildConfiguration;
			buildSettings = {
				ASSETCATALOG_COMPILER_APPICON_NAME = AppIcon;
				ASSETCATALOG_COMPILER_GLOBAL_ACCENT_COLOR_NAME = AccentColor;
				CODE_SIGN_STYLE = Automatic;
				CURRENT_PROJECT_VERSION = 1;
				DEVELOPMENT_ASSET_PATHS = "\"Code Trivia by Cody/Preview Content\"";
				DEVELOPMENT_TEAM = 7V3H86U9BS;
				ENABLE_PREVIEWS = YES;
				GENERATE_INFOPLIST_FILE = YES;
				INFOPLIST_KEY_UIApplicationSceneManifest_Generation = YES;
				INFOPLIST_KEY_UIApplicationSupportsIndirectInputEvents = YES;
				INFOPLIST_KEY_UILaunchScreen_Generation = YES;
				INFOPLIST_KEY_UISupportedInterfaceOrientations = UIInterfaceOrientationPortrait;
				INFOPLIST_KEY_UISupportedInterfaceOrientations_iPad = "UIInterfaceOrientationPortrait UIInterfaceOrientationPortraitUpsideDown UIInterfaceOrientationLandscapeLeft UIInterfaceOrientationLandscapeRight";
				INFOPLIST_KEY_UISupportedInterfaceOrientations_iPhone = "UIInterfaceOrientationPortrait UIInterfaceOrientationLandscapeLeft UIInterfaceOrientationLandscapeRight";
				LD_RUNPATH_SEARCH_PATHS = (
					"$(inherited)",
					"@executable_path/Frameworks",
				);
				MARKETING_VERSION = 1.1;
				PRODUCT_BUNDLE_IDENTIFIER = "com.nonstickcode.Code-Trivia-by-nonStickCode";
				PRODUCT_NAME = "Code Trivia by Cody";
				SWIFT_EMIT_LOC_STRINGS = YES;
				SWIFT_VERSION = 5.0;
				TARGETED_DEVICE_FAMILY = "1,2";
			};
			name = Release;
		};
/* End XCBuildConfiguration section */

/* Begin XCConfigurationList section */
		2B5FF27627F0125E00454FC0 /* Build configuration list for PBXProject "Code Trivia by Cody" */ = {
			isa = XCConfigurationList;
			buildConfigurations = (
				2B5FF28727F0125F00454FC0 /* Debug */,
				2B5FF28827F0125F00454FC0 /* Release */,
			);
			defaultConfigurationIsVisible = 0;
			defaultConfigurationName = Release;
		};
		2B5FF28927F0125F00454FC0 /* Build configuration list for PBXNativeTarget "Code Trivia by Cody" */ = {
			isa = XCConfigurationList;
			buildConfigurations = (
				2B5FF28A27F0125F00454FC0 /* Debug */,
				2B5FF28B27F0125F00454FC0 /* Release */,
			);
			defaultConfigurationIsVisible = 0;
			defaultConfigurationName = Release;
		};
/* End XCConfigurationList section */
	};
	rootObject = 2B5FF27327F0125E00454FC0 /* Project object */;
}
